{
  "lockfile_version": "1",
  "packages": {
    "gum@0.14.1": {
      "last_modified": "2024-07-20T09:11:00Z",
      "resolved": "github:NixOS/nixpkgs/6e14bbce7bea6c4efd7adfa88a40dac750d80100#gum",
      "source": "devbox-search",
      "version": "0.14.1",
      "systems": {
        "aarch64-darwin": {
          "outputs": [
            {
              "name": "out",
              "path": "/nix/store/hi946camicx98bv9y9nz6jx2fyxcc9kk-gum-0.14.1",
              "default": true
            }
          ],
          "store_path": "/nix/store/hi946camicx98bv9y9nz6jx2fyxcc9kk-gum-0.14.1"
        },
        "aarch64-linux": {
          "outputs": [
            {
              "name": "out",
              "path": "/nix/store/3z1lqas4yni9hzvx2kpbmd108fs7qr0r-gum-0.14.1",
              "default": true
            }
          ],
          "store_path": "/nix/store/3z1lqas4yni9hzvx2kpbmd108fs7qr0r-gum-0.14.1"
        },
        "x86_64-darwin": {
          "outputs": [
            {
              "name": "out",
              "path": "/nix/store/hxfw2r39malghnmrm20d23qvf3p1lwdg-gum-0.14.1",
              "default": true
            }
          ],
          "store_path": "/nix/store/hxfw2r39malghnmrm20d23qvf3p1lwdg-gum-0.14.1"
        },
        "x86_64-linux": {
          "outputs": [
            {
              "name": "out",
              "path": "/nix/store/js1fcw5brznb0lcw55l5b3ad4rwfj4mf-gum-0.14.1",
              "default": true
            }
          ],
          "store_path": "/nix/store/js1fcw5brznb0lcw55l5b3ad4rwfj4mf-gum-0.14.1"
        }
      }
    },
    "stow@2.4.0": {
      "last_modified": "2024-10-13T23:44:06Z",
      "resolved": "github:NixOS/nixpkgs/d4f247e89f6e10120f911e2e2d2254a050d0f732#stow",
      "source": "devbox-search",
      "version": "2.4.0",
      "systems": {
        "aarch64-darwin": {
          "outputs": [
            {
              "name": "out",
              "path": "/nix/store/lcql7s3jfb4laqpnvmm07sk59i5lcv7r-stow-2.4.0",
              "default": true
            }
          ],
          "store_path": "/nix/store/lcql7s3jfb4laqpnvmm07sk59i5lcv7r-stow-2.4.0"
        },
        "aarch64-linux": {
          "outputs": [
            {
              "name": "out",
              "path": "/nix/store/dinqdf6018i3r56ljri829nb5gd8k85b-stow-2.4.0",
              "default": true
            }
          ],
          "store_path": "/nix/store/dinqdf6018i3r56ljri829nb5gd8k85b-stow-2.4.0"
        },
        "x86_64-darwin": {
          "outputs": [
            {
              "name": "out",
              "path": "/nix/store/r1cm7yppm6ljypvvfhwvj5q09pmfy0kh-stow-2.4.0",
              "default": true
            }
          ],
          "store_path": "/nix/store/r1cm7yppm6ljypvvfhwvj5q09pmfy0kh-stow-2.4.0"
        },
        "x86_64-linux": {
          "outputs": [
            {
              "name": "out",
              "path": "/nix/store/fs2wj1q90gdpf74hyybc5dywb2807z1z-stow-2.4.0",
              "default": true
            }
          ],
          "store_path": "/nix/store/fs2wj1q90gdpf74hyybc5dywb2807z1z-stow-2.4.0"
        }
      }
    }
  }
}
